
Microsoft Visual Studio Solution File, Format Version 12.00
# Visual Studio Version 17
VisualStudioVersion = 17.4.33103.184
MinimumVisualStudioVersion = 10.0.40219.1
Project("{FAE04EC0-301F-11D3-BF4B-00C04F79EFBC}") = "API", "API\API.csproj", "{35252DD9-2638-4AAE-A67F-83D33C1C9C01}"
EndProject
Global
	GlobalSection(SolutionConfigurationPlatforms) = preSolution
		Debug|Any CPU = Debug|Any CPU
		Release|Any CPU = Release|Any CPU
	EndGlobalSection
	GlobalSection(ProjectConfigurationPlatforms) = postSolution
		{35252DD9-2638-4AAE-A67F-83D33C1C9C01}.Debug|Any CPU.ActiveCfg = Debug|Any CPU
		{35252DD9-2638-4AAE-A67F-83D33C1C9C01}.Debug|Any CPU.Build.0 = Debug|Any CPU
		{35252DD9-2638-4AAE-A67F-83D33C1C9C01}.Release|Any CPU.ActiveCfg = Release|Any CPU
		{35252DD9-2638-4AAE-A67F-83D33C1C9C01}.Release|Any CPU.Build.0 = Release|Any CPU
	EndGlobalSection
	GlobalSection(SolutionProperties) = preSolution
		HideSolutionNode = FALSE
	EndGlobalSection
	GlobalSection(ExtensibilityGlobals) = postSolution
		SolutionGuid = {18E83A95-B143-4C4C-9380-45679CF3C3E6}
	EndGlobalSection
EndGlobal
